
Microsoft Visual Studio Solution File, Format Version 12.00
# Visual Studio 15
VisualStudioVersion = 15.0.27703.2035
MinimumVisualStudioVersion = 10.0.40219.1
Project("{FAE04EC0-301F-11D3-BF4B-00C04F79EFBC}") = "AutenticacaoUsuarios", "AutenticacaoUsuarios\AutenticacaoUsuarios.csproj", "{0AB32979-D265-4F2D-8422-6CD2A16AEA74}"
EndProject
Global
	GlobalSection(SolutionConfigurationPlatforms) = preSolution
		Debug|Any CPU = Debug|Any CPU
		Release|Any CPU = Release|Any CPU
	EndGlobalSection
	GlobalSection(ProjectConfigurationPlatforms) = postSolution
		{0AB32979-D265-4F2D-8422-6CD2A16AEA74}.Debug|Any CPU.ActiveCfg = Debug|Any CPU
		{0AB32979-D265-4F2D-8422-6CD2A16AEA74}.Debug|Any CPU.Build.0 = Debug|Any CPU
		{0AB32979-D265-4F2D-8422-6CD2A16AEA74}.Release|Any CPU.ActiveCfg = Release|Any CPU
		{0AB32979-D265-4F2D-8422-6CD2A16AEA74}.Release|Any CPU.Build.0 = Release|Any CPU
	EndGlobalSection
	GlobalSection(SolutionProperties) = preSolution
		HideSolutionNode = FALSE
	EndGlobalSection
	GlobalSection(ExtensibilityGlobals) = postSolution
		SolutionGuid = {6F063B8B-2F13-4CA3-A659-143FE6512128}
	EndGlobalSection
EndGlobal
